
Microsoft Visual Studio Solution File, Format Version 12.00
# Visual Studio Version 16
VisualStudioVersion = 16.0.31702.278
MinimumVisualStudioVersion = 10.0.40219.1
Project("{9A19103F-16F7-4668-BE54-9A1E7A4F7556}") = "WebAutopark", "WebAutopark\WebAutopark.csproj", "{96114A43-753E-4E7A-B6F1-20F13B939760}"
EndProject
Project("{9A19103F-16F7-4668-BE54-9A1E7A4F7556}") = "WebAutopark.Core", "WebAutopark.Core\WebAutopark.Core.csproj", "{7870C2C2-7FFE-425D-BE11-CF7634B48CBB}"
EndProject
Project("{9A19103F-16F7-4668-BE54-9A1E7A4F7556}") = "WebAutopark.DataBaseAccess", "WebAutopark.DataBaseAccess\WebAutopark.DataBaseAccess.csproj", "{87C33B61-9C80-4DEC-88CA-457FCB0A54E8}"
EndProject
Project("{FAE04EC0-301F-11D3-BF4B-00C04F79EFBC}") = "WebAutopark.BusinessLogic", "WebAutopark.BusinessLogic\WebAutopark.BusinessLogic.csproj", "{3BD8C6A4-6CBF-42CA-95B5-B7A8E72D99D9}"
EndProject
Global
	GlobalSection(SolutionConfigurationPlatforms) = preSolution
		Debug|Any CPU = Debug|Any CPU
		Release|Any CPU = Release|Any CPU
	EndGlobalSection
	GlobalSection(ProjectConfigurationPlatforms) = postSolution
		{96114A43-753E-4E7A-B6F1-20F13B939760}.Debug|Any CPU.ActiveCfg = Debug|Any CPU
		{96114A43-753E-4E7A-B6F1-20F13B939760}.Debug|Any CPU.Build.0 = Debug|Any CPU
		{96114A43-753E-4E7A-B6F1-20F13B939760}.Release|Any CPU.ActiveCfg = Release|Any CPU
		{96114A43-753E-4E7A-B6F1-20F13B939760}.Release|Any CPU.Build.0 = Release|Any CPU
		{7870C2C2-7FFE-425D-BE11-CF7634B48CBB}.Debug|Any CPU.ActiveCfg = Debug|Any CPU
		{7870C2C2-7FFE-425D-BE11-CF7634B48CBB}.Debug|Any CPU.Build.0 = Debug|Any CPU
		{7870C2C2-7FFE-425D-BE11-CF7634B48CBB}.Release|Any CPU.ActiveCfg = Release|Any CPU
		{7870C2C2-7FFE-425D-BE11-CF7634B48CBB}.Release|Any CPU.Build.0 = Release|Any CPU
		{87C33B61-9C80-4DEC-88CA-457FCB0A54E8}.Debug|Any CPU.ActiveCfg = Debug|Any CPU
		{87C33B61-9C80-4DEC-88CA-457FCB0A54E8}.Debug|Any CPU.Build.0 = Debug|Any CPU
		{87C33B61-9C80-4DEC-88CA-457FCB0A54E8}.Release|Any CPU.ActiveCfg = Release|Any CPU
		{87C33B61-9C80-4DEC-88CA-457FCB0A54E8}.Release|Any CPU.Build.0 = Release|Any CPU
		{3BD8C6A4-6CBF-42CA-95B5-B7A8E72D99D9}.Debug|Any CPU.ActiveCfg = Debug|Any CPU
		{3BD8C6A4-6CBF-42CA-95B5-B7A8E72D99D9}.Debug|Any CPU.Build.0 = Debug|Any CPU
		{3BD8C6A4-6CBF-42CA-95B5-B7A8E72D99D9}.Release|Any CPU.ActiveCfg = Release|Any CPU
		{3BD8C6A4-6CBF-42CA-95B5-B7A8E72D99D9}.Release|Any CPU.Build.0 = Release|Any CPU
	EndGlobalSection
	GlobalSection(SolutionProperties) = preSolution
		HideSolutionNode = FALSE
	EndGlobalSection
	GlobalSection(ExtensibilityGlobals) = postSolution
		SolutionGuid = {0E8FD47C-AA07-4462-960A-908ECC03056E}
	EndGlobalSection
EndGlobal
